
Microsoft Visual Studio Solution File, Format Version 12.00
# Visual Studio Version 17
VisualStudioVersion = 17.0.31919.166
MinimumVisualStudioVersion = 10.0.40219.1
Project("{FAE04EC0-301F-11D3-BF4B-00C04F79EFBC}") = "PredictTaxiFare", "PredictTaxiFare.csproj", "{DD0716F7-F7BD-4AE9-B6D6-9D5CA5DB077B}"
EndProject
Global
	GlobalSection(SolutionConfigurationPlatforms) = preSolution
		Debug|Any CPU = Debug|Any CPU
		Release|Any CPU = Release|Any CPU
	EndGlobalSection
	GlobalSection(ProjectConfigurationPlatforms) = postSolution
		{DD0716F7-F7BD-4AE9-B6D6-9D5CA5DB077B}.Debug|Any CPU.ActiveCfg = Debug|Any CPU
		{DD0716F7-F7BD-4AE9-B6D6-9D5CA5DB077B}.Debug|Any CPU.Build.0 = Debug|Any CPU
		{DD0716F7-F7BD-4AE9-B6D6-9D5CA5DB077B}.Release|Any CPU.ActiveCfg = Release|Any CPU
		{DD0716F7-F7BD-4AE9-B6D6-9D5CA5DB077B}.Release|Any CPU.Build.0 = Release|Any CPU
	EndGlobalSection
	GlobalSection(SolutionProperties) = preSolution
		HideSolutionNode = FALSE
	EndGlobalSection
	GlobalSection(ExtensibilityGlobals) = postSolution
		SolutionGuid = {2CAF8151-099D-4C46-9517-ECE14BAE8A2F}
	EndGlobalSection
EndGlobal
